
Microsoft Visual Studio Solution File, Format Version 12.00
# Visual Studio 15
VisualStudioVersion = 15.0.27703.2035
MinimumVisualStudioVersion = 10.0.40219.1
Project("{FAE04EC0-301F-11D3-BF4B-00C04F79EFBC}") = "Vidly", "Vidly\Vidly.csproj", "{D8140805-E166-43DC-9721-71FB57E0D096}"
EndProject
Global
	GlobalSection(SolutionConfigurationPlatforms) = preSolution
		Debug|Any CPU = Debug|Any CPU
		Release|Any CPU = Release|Any CPU
	EndGlobalSection
	GlobalSection(ProjectConfigurationPlatforms) = postSolution
		{D8140805-E166-43DC-9721-71FB57E0D096}.Debug|Any CPU.ActiveCfg = Debug|Any CPU
		{D8140805-E166-43DC-9721-71FB57E0D096}.Debug|Any CPU.Build.0 = Debug|Any CPU
		{D8140805-E166-43DC-9721-71FB57E0D096}.Release|Any CPU.ActiveCfg = Release|Any CPU
		{D8140805-E166-43DC-9721-71FB57E0D096}.Release|Any CPU.Build.0 = Release|Any CPU
	EndGlobalSection
	GlobalSection(SolutionProperties) = preSolution
		HideSolutionNode = FALSE
	EndGlobalSection
	GlobalSection(ExtensibilityGlobals) = postSolution
		SolutionGuid = {497CD7FB-3DDA-412E-8ECA-36BE159E6905}
	EndGlobalSection
EndGlobal
